
Microsoft Visual Studio Solution File, Format Version 12.00
# Visual Studio Version 17
VisualStudioVersion = 17.7.34031.279
MinimumVisualStudioVersion = 10.0.40219.1
Project("{FAE04EC0-301F-11D3-BF4B-00C04F79EFBC}") = "Prvni", "Prvni.csproj", "{9687F114-F907-448A-AF49-2A42C0CA8189}"
EndProject
Global
	GlobalSection(SolutionConfigurationPlatforms) = preSolution
		Debug|Any CPU = Debug|Any CPU
		Release|Any CPU = Release|Any CPU
	EndGlobalSection
	GlobalSection(ProjectConfigurationPlatforms) = postSolution
		{9687F114-F907-448A-AF49-2A42C0CA8189}.Debug|Any CPU.ActiveCfg = Debug|Any CPU
		{9687F114-F907-448A-AF49-2A42C0CA8189}.Debug|Any CPU.Build.0 = Debug|Any CPU
		{9687F114-F907-448A-AF49-2A42C0CA8189}.Release|Any CPU.ActiveCfg = Release|Any CPU
		{9687F114-F907-448A-AF49-2A42C0CA8189}.Release|Any CPU.Build.0 = Release|Any CPU
	EndGlobalSection
	GlobalSection(SolutionProperties) = preSolution
		HideSolutionNode = FALSE
	EndGlobalSection
	GlobalSection(ExtensibilityGlobals) = postSolution
		SolutionGuid = {05EB90F5-B57F-4224-986F-3C3A27F1D58B}
	EndGlobalSection
EndGlobal
